lockfileVersion: '9.0'

settings:
  autoInstallPeers: true
  excludeLinksFromLockfile: false

importers:

  .:
    dependencies:
      '-':
        specifier: ^0.0.1
        version: 0.0.1
      g:
        specifier: ^2.0.1
        version: 2.0.1
      typescript:
        specifier: ^5.8.3
        version: 5.8.3

packages:

  '-@0.0.1':
    resolution: {integrity: sha512-3HfneK3DGAm05fpyj20sT3apkNcvPpCuccOThOPdzz8sY7GgQGe0l93XH9bt+YzibcTIgUAIMoyVJI740RtgyQ==}

  g@2.0.1:
    resolution: {integrity: sha512-Fi6Ng5fZ/ANLQ15H11hCe+09sgUoNvDEBevVgx3KoYOhsH5iLNPn54hx0jPZ+3oSWr+xajnp2Qau9VmPsc7hTA==}

  typescript@5.8.3:
    resolution: {integrity: sha512-p1diW6TqL9L07nNxvRMM7hMMw4c5XOo/1ibL4aAIGmSAt9slTE1Xgw5KWuof2uTOvCg9BY7ZRi+GaF+7sfgPeQ==}
    engines: {node: '>=14.17'}
    hasBin: true

snapshots:

  '-@0.0.1': {}

  g@2.0.1: {}

  typescript@5.8.3: {}
